
Microsoft Visual Studio Solution File, Format Version 12.00
# Visual Studio Version 17
VisualStudioVersion = 17.5.002.0
MinimumVisualStudioVersion = 10.0.40219.1
Project("{9A19103F-16F7-4668-BE54-9A1E7A4F7556}") = "DTO", "DTO\DTO.csproj", "{09228034-45A5-407F-9873-39B0CC9B0BF1}"
EndProject
Project("{9A19103F-16F7-4668-BE54-9A1E7A4F7556}") = "Repository", "Repository\Repository.csproj", "{74052002-8CCE-46CC-AAC8-25680D315D1A}"
EndProject
Project("{9A19103F-16F7-4668-BE54-9A1E7A4F7556}") = "Services", "Services\Services.csproj", "{4435FFB5-602F-4ADD-85F1-72AF8122F1C7}"
EndProject
Project("{9A19103F-16F7-4668-BE54-9A1E7A4F7556}") = "WebApplication", "WebApplication\WebApplication.csproj", "{7A6C52EC-6E2D-4D4B-AEF2-AF7D7F254F01}"
EndProject
Global
	GlobalSection(SolutionConfigurationPlatforms) = preSolution
		Debug|Any CPU = Debug|Any CPU
		Release|Any CPU = Release|Any CPU
	EndGlobalSection
	GlobalSection(ProjectConfigurationPlatforms) = postSolution
		{09228034-45A5-407F-9873-39B0CC9B0BF1}.Debug|Any CPU.ActiveCfg = Debug|Any CPU
		{09228034-45A5-407F-9873-39B0CC9B0BF1}.Debug|Any CPU.Build.0 = Debug|Any CPU
		{09228034-45A5-407F-9873-39B0CC9B0BF1}.Release|Any CPU.ActiveCfg = Release|Any CPU
		{09228034-45A5-407F-9873-39B0CC9B0BF1}.Release|Any CPU.Build.0 = Release|Any CPU
		{74052002-8CCE-46CC-AAC8-25680D315D1A}.Debug|Any CPU.ActiveCfg = Debug|Any CPU
		{74052002-8CCE-46CC-AAC8-25680D315D1A}.Debug|Any CPU.Build.0 = Debug|Any CPU
		{74052002-8CCE-46CC-AAC8-25680D315D1A}.Release|Any CPU.ActiveCfg = Release|Any CPU
		{74052002-8CCE-46CC-AAC8-25680D315D1A}.Release|Any CPU.Build.0 = Release|Any CPU
		{4435FFB5-602F-4ADD-85F1-72AF8122F1C7}.Debug|Any CPU.ActiveCfg = Debug|Any CPU
		{4435FFB5-602F-4ADD-85F1-72AF8122F1C7}.Debug|Any CPU.Build.0 = Debug|Any CPU
		{4435FFB5-602F-4ADD-85F1-72AF8122F1C7}.Release|Any CPU.ActiveCfg = Release|Any CPU
		{4435FFB5-602F-4ADD-85F1-72AF8122F1C7}.Release|Any CPU.Build.0 = Release|Any CPU
		{7A6C52EC-6E2D-4D4B-AEF2-AF7D7F254F01}.Debug|Any CPU.ActiveCfg = Debug|Any CPU
		{7A6C52EC-6E2D-4D4B-AEF2-AF7D7F254F01}.Debug|Any CPU.Build.0 = Debug|Any CPU
		{7A6C52EC-6E2D-4D4B-AEF2-AF7D7F254F01}.Release|Any CPU.ActiveCfg = Release|Any CPU
		{7A6C52EC-6E2D-4D4B-AEF2-AF7D7F254F01}.Release|Any CPU.Build.0 = Release|Any CPU
	EndGlobalSection
	GlobalSection(SolutionProperties) = preSolution
		HideSolutionNode = FALSE
	EndGlobalSection
	GlobalSection(ExtensibilityGlobals) = postSolution
		SolutionGuid = {D18EF689-1A58-45A3-8A6F-3EC2EB36781B}
	EndGlobalSection
EndGlobal
